
Microsoft Visual Studio Solution File, Format Version 12.00
# Visual Studio Version 17
VisualStudioVersion = 17.8.34525.116
MinimumVisualStudioVersion = 10.0.40219.1
Project("{FAE04EC0-301F-11D3-BF4B-00C04F79EFBC}") = "DentalApp", "DentalApp\DentalApp.csproj", "{7FA83CEB-9C73-4AE1-97CF-181211F27C8A}"
EndProject
Global
	GlobalSection(SolutionConfigurationPlatforms) = preSolution
		Debug|Any CPU = Debug|Any CPU
		Release|Any CPU = Release|Any CPU
	EndGlobalSection
	GlobalSection(ProjectConfigurationPlatforms) = postSolution
		{7FA83CEB-9C73-4AE1-97CF-181211F27C8A}.Debug|Any CPU.ActiveCfg = Debug|Any CPU
		{7FA83CEB-9C73-4AE1-97CF-181211F27C8A}.Debug|Any CPU.Build.0 = Debug|Any CPU
		{7FA83CEB-9C73-4AE1-97CF-181211F27C8A}.Release|Any CPU.ActiveCfg = Release|Any CPU
		{7FA83CEB-9C73-4AE1-97CF-181211F27C8A}.Release|Any CPU.Build.0 = Release|Any CPU
	EndGlobalSection
	GlobalSection(SolutionProperties) = preSolution
		HideSolutionNode = FALSE
	EndGlobalSection
	GlobalSection(ExtensibilityGlobals) = postSolution
		SolutionGuid = {B790C778-494E-4A10-B8A6-F84BB34AD473}
	EndGlobalSection
EndGlobal
